
Microsoft Visual Studio Solution File, Format Version 12.00
# Visual Studio 15
VisualStudioVersion = 15.0.27703.2035
MinimumVisualStudioVersion = 10.0.40219.1
Project("{FAE04EC0-301F-11D3-BF4B-00C04F79EFBC}") = "MVC", "MVC\MVC.csproj", "{85FBAB8B-DBF7-4777-AD46-519CF1E859F1}"
EndProject
Project("{FAE04EC0-301F-11D3-BF4B-00C04F79EFBC}") = "Model", "Model\Model.csproj", "{B313579A-4F8F-4D14-A0EA-BF442DC68EFE}"
EndProject
Project("{FAE04EC0-301F-11D3-BF4B-00C04F79EFBC}") = "BusinessServices", "BusinessServices\BusinessServices.csproj", "{3E149F04-3686-4F46-8BA1-DAEC6F644622}"
EndProject
Global
	GlobalSection(SolutionConfigurationPlatforms) = preSolution
		Debug|Any CPU = Debug|Any CPU
		Release|Any CPU = Release|Any CPU
	EndGlobalSection
	GlobalSection(ProjectConfigurationPlatforms) = postSolution
		{85FBAB8B-DBF7-4777-AD46-519CF1E859F1}.Debug|Any CPU.ActiveCfg = Debug|Any CPU
		{85FBAB8B-DBF7-4777-AD46-519CF1E859F1}.Debug|Any CPU.Build.0 = Debug|Any CPU
		{85FBAB8B-DBF7-4777-AD46-519CF1E859F1}.Release|Any CPU.ActiveCfg = Release|Any CPU
		{85FBAB8B-DBF7-4777-AD46-519CF1E859F1}.Release|Any CPU.Build.0 = Release|Any CPU
		{B313579A-4F8F-4D14-A0EA-BF442DC68EFE}.Debug|Any CPU.ActiveCfg = Debug|Any CPU
		{B313579A-4F8F-4D14-A0EA-BF442DC68EFE}.Debug|Any CPU.Build.0 = Debug|Any CPU
		{B313579A-4F8F-4D14-A0EA-BF442DC68EFE}.Release|Any CPU.ActiveCfg = Release|Any CPU
		{B313579A-4F8F-4D14-A0EA-BF442DC68EFE}.Release|Any CPU.Build.0 = Release|Any CPU
		{3E149F04-3686-4F46-8BA1-DAEC6F644622}.Debug|Any CPU.ActiveCfg = Debug|Any CPU
		{3E149F04-3686-4F46-8BA1-DAEC6F644622}.Debug|Any CPU.Build.0 = Debug|Any CPU
		{3E149F04-3686-4F46-8BA1-DAEC6F644622}.Release|Any CPU.ActiveCfg = Release|Any CPU
		{3E149F04-3686-4F46-8BA1-DAEC6F644622}.Release|Any CPU.Build.0 = Release|Any CPU
	EndGlobalSection
	GlobalSection(SolutionProperties) = preSolution
		HideSolutionNode = FALSE
	EndGlobalSection
	GlobalSection(ExtensibilityGlobals) = postSolution
		SolutionGuid = {805B61FA-146B-42CC-994C-7BAE67611A16}
	EndGlobalSection
EndGlobal
